
Microsoft Visual Studio Solution File, Format Version 12.00
# Visual Studio Version 17
VisualStudioVersion = 17.3.32929.385
MinimumVisualStudioVersion = 10.0.40219.1
Project("{FAE04EC0-301F-11D3-BF4B-00C04F79EFBC}") = "lab3.1(graph)", "lab3.1(graph)\lab3.1(graph).csproj", "{BF3D12AA-1E5A-4B0E-982B-604755453CB4}"
EndProject
Global
	GlobalSection(SolutionConfigurationPlatforms) = preSolution
		Debug|Any CPU = Debug|Any CPU
		Release|Any CPU = Release|Any CPU
	EndGlobalSection
	GlobalSection(ProjectConfigurationPlatforms) = postSolution
		{BF3D12AA-1E5A-4B0E-982B-604755453CB4}.Debug|Any CPU.ActiveCfg = Debug|Any CPU
		{BF3D12AA-1E5A-4B0E-982B-604755453CB4}.Debug|Any CPU.Build.0 = Debug|Any CPU
		{BF3D12AA-1E5A-4B0E-982B-604755453CB4}.Release|Any CPU.ActiveCfg = Release|Any CPU
		{BF3D12AA-1E5A-4B0E-982B-604755453CB4}.Release|Any CPU.Build.0 = Release|Any CPU
	EndGlobalSection
	GlobalSection(SolutionProperties) = preSolution
		HideSolutionNode = FALSE
	EndGlobalSection
	GlobalSection(ExtensibilityGlobals) = postSolution
		SolutionGuid = {58192DC4-2B60-4E87-BB53-E38F4783E910}
	EndGlobalSection
EndGlobal
